
Microsoft Visual Studio Solution File, Format Version 11.00
# Visual Studio 2010
Project("{FAE04EC0-301F-11D3-BF4B-00C04F79EFBC}") = "js_mvc2", "js_mvc2\js_mvc2.csproj", "{F68DE04A-B5E6-4706-B81C-F1A4774B1282}"
EndProject
Global
	GlobalSection(SolutionConfigurationPlatforms) = preSolution
		Debug|Any CPU = Debug|Any CPU
		Release|Any CPU = Release|Any CPU
	EndGlobalSection
	GlobalSection(ProjectConfigurationPlatforms) = postSolution
		{F68DE04A-B5E6-4706-B81C-F1A4774B1282}.Debug|Any CPU.ActiveCfg = Debug|Any CPU
		{F68DE04A-B5E6-4706-B81C-F1A4774B1282}.Debug|Any CPU.Build.0 = Debug|Any CPU
		{F68DE04A-B5E6-4706-B81C-F1A4774B1282}.Release|Any CPU.ActiveCfg = Release|Any CPU
		{F68DE04A-B5E6-4706-B81C-F1A4774B1282}.Release|Any CPU.Build.0 = Release|Any CPU
	EndGlobalSection
	GlobalSection(SolutionProperties) = preSolution
		HideSolutionNode = FALSE
	EndGlobalSection
EndGlobal
