
Microsoft Visual Studio Solution File, Format Version 10.00
# Visual Studio 2008
Project("{FAE04EC0-301F-11D3-BF4B-00C04F79EFBC}") = "DnaRunner", "DnaRunner\DnaRunner.csproj", "{D94689DE-E998-4D27-946A-D990D1E901CC}"
EndProject
Project("{FAE04EC0-301F-11D3-BF4B-00C04F79EFBC}") = "Visualizer", "Visualizer\Visualizer.csproj", "{366B3AE5-46CF-4912-BBE7-4EBAC7C0AA18}"
EndProject
Project("{FAE04EC0-301F-11D3-BF4B-00C04F79EFBC}") = "RnaRunner", "RnaRunner\RnaRunner.csproj", "{5AC133B3-E2D9-4486-A911-6C37B67A62A8}"
EndProject
Project("{FAE04EC0-301F-11D3-BF4B-00C04F79EFBC}") = "RapeStrings", "RapeStrings\RapeStrings.csproj", "{7E842E0D-1B17-4645-80A4-6A69E9343B66}"
EndProject
Global
	GlobalSection(SolutionConfigurationPlatforms) = preSolution
		Debug|Any CPU = Debug|Any CPU
		Release|Any CPU = Release|Any CPU
	EndGlobalSection
	GlobalSection(ProjectConfigurationPlatforms) = postSolution
		{D94689DE-E998-4D27-946A-D990D1E901CC}.Debug|Any CPU.ActiveCfg = Debug|Any CPU
		{D94689DE-E998-4D27-946A-D990D1E901CC}.Debug|Any CPU.Build.0 = Debug|Any CPU
		{D94689DE-E998-4D27-946A-D990D1E901CC}.Release|Any CPU.ActiveCfg = Release|Any CPU
		{D94689DE-E998-4D27-946A-D990D1E901CC}.Release|Any CPU.Build.0 = Release|Any CPU
		{366B3AE5-46CF-4912-BBE7-4EBAC7C0AA18}.Debug|Any CPU.ActiveCfg = Debug|Any CPU
		{366B3AE5-46CF-4912-BBE7-4EBAC7C0AA18}.Debug|Any CPU.Build.0 = Debug|Any CPU
		{366B3AE5-46CF-4912-BBE7-4EBAC7C0AA18}.Release|Any CPU.ActiveCfg = Release|Any CPU
		{366B3AE5-46CF-4912-BBE7-4EBAC7C0AA18}.Release|Any CPU.Build.0 = Release|Any CPU
		{5AC133B3-E2D9-4486-A911-6C37B67A62A8}.Debug|Any CPU.ActiveCfg = Debug|Any CPU
		{5AC133B3-E2D9-4486-A911-6C37B67A62A8}.Debug|Any CPU.Build.0 = Debug|Any CPU
		{5AC133B3-E2D9-4486-A911-6C37B67A62A8}.Release|Any CPU.ActiveCfg = Release|Any CPU
		{5AC133B3-E2D9-4486-A911-6C37B67A62A8}.Release|Any CPU.Build.0 = Release|Any CPU
		{7E842E0D-1B17-4645-80A4-6A69E9343B66}.Debug|Any CPU.ActiveCfg = Debug|Any CPU
		{7E842E0D-1B17-4645-80A4-6A69E9343B66}.Debug|Any CPU.Build.0 = Debug|Any CPU
		{7E842E0D-1B17-4645-80A4-6A69E9343B66}.Release|Any CPU.ActiveCfg = Release|Any CPU
		{7E842E0D-1B17-4645-80A4-6A69E9343B66}.Release|Any CPU.Build.0 = Release|Any CPU
	EndGlobalSection
	GlobalSection(SolutionProperties) = preSolution
		HideSolutionNode = FALSE
	EndGlobalSection
EndGlobal
